
Microsoft Visual Studio Solution File, Format Version 12.00
# Visual Studio Version 17
VisualStudioVersion = 17.5.002.0
MinimumVisualStudioVersion = 10.0.40219.1
Project("{9A19103F-16F7-4668-BE54-9A1E7A4F7556}") = "crud-products-api", "crud-products-api.csproj", "{2D4899A9-4456-48A8-A727-278E95B4F5E8}"
EndProject
Global
	GlobalSection(SolutionConfigurationPlatforms) = preSolution
		Debug|Any CPU = Debug|Any CPU
		Release|Any CPU = Release|Any CPU
	EndGlobalSection
	GlobalSection(ProjectConfigurationPlatforms) = postSolution
		{2D4899A9-4456-48A8-A727-278E95B4F5E8}.Debug|Any CPU.ActiveCfg = Debug|Any CPU
		{2D4899A9-4456-48A8-A727-278E95B4F5E8}.Debug|Any CPU.Build.0 = Debug|Any CPU
		{2D4899A9-4456-48A8-A727-278E95B4F5E8}.Release|Any CPU.ActiveCfg = Release|Any CPU
		{2D4899A9-4456-48A8-A727-278E95B4F5E8}.Release|Any CPU.Build.0 = Release|Any CPU
	EndGlobalSection
	GlobalSection(SolutionProperties) = preSolution
		HideSolutionNode = FALSE
	EndGlobalSection
	GlobalSection(ExtensibilityGlobals) = postSolution
		SolutionGuid = {FD2C17D5-3721-4D39-9A8B-F68B535AF42E}
	EndGlobalSection
EndGlobal
